{
  "lockfileVersion": 1,
  "workspaces": {
    "": {
      "name": "prosekit-examples",
      "dependencies": {
        "@types/bun": "1.2.15",
        "@types/node": "22.15.31",
        "prettier": "3.5.3",
        "prettier-plugin-packagejson": "2.5.15",
      },
    },
  },
  "packages": {
    "@pkgr/core": ["@pkgr/core@0.2.4", "", {}, "sha512-ROFF39F6ZrnzSUEmQQZUar0Jt4xVoP9WnDRdWwF4NNcXs3xBTLgBUDoOwW141y1jP+S8nahIbdxbFC7IShw9Iw=="],

    "@types/bun": ["@types/bun@1.2.15", "", { "dependencies": { "bun-types": "1.2.15" } }, "sha512-U1ljPdBEphF0nw1MIk0hI7kPg7dFdPyM7EenHsp6W5loNHl7zqy6JQf/RKCgnUn2KDzUpkBwHPnEJEjII594bA=="],

    "@types/node": ["@types/node@22.15.31", "", { "dependencies": { "undici-types": "~6.21.0" } }, "sha512-jnVe5ULKl6tijxUhvQeNbQG/84fHfg+yMak02cT8QVhBx/F05rAVxCGBYYTh2EKz22D6JF5ktXuNwdx7b9iEGw=="],

    "bun-types": ["bun-types@1.2.15", "", { "dependencies": { "@types/node": "*" } }, "sha512-NarRIaS+iOaQU1JPfyKhZm4AsUOrwUOqRNHY0XxI8GI8jYxiLXLcdjYMG9UKS+fwWasc1uw1htV9AX24dD+p4w=="],

    "detect-indent": ["detect-indent@7.0.1", "", {}, "sha512-Mc7QhQ8s+cLrnUfU/Ji94vG/r8M26m8f++vyres4ZoojaRDpZ1eSIh/EpzLNwlWuvzSZ3UbDFspjFvTDXe6e/g=="],

    "detect-newline": ["detect-newline@4.0.1", "", {}, "sha512-qE3Veg1YXzGHQhlA6jzebZN2qVf6NX+A7m7qlhCGG30dJixrAQhYOsJjsnBjJkCSmuOPpCk30145fr8FV0bzog=="],

    "fdir": ["fdir@6.4.4", "", { "peerDependencies": { "picomatch": "^3 || ^4" }, "optionalPeers": ["picomatch"] }, "sha512-1NZP+GK4GfuAv3PqKvxQRDMjdSRZjnkq7KfhlNrCNNlZ0ygQFpebfrnfnq/W7fpUnAv9aGWmY1zKx7FYL3gwhg=="],

    "git-hooks-list": ["git-hooks-list@4.1.1", "", {}, "sha512-cmP497iLq54AZnv4YRAEMnEyQ1eIn4tGKbmswqwmFV4GBnAqE8NLtWxxdXa++AalfgL5EBH4IxTPyquEuGY/jA=="],

    "is-plain-obj": ["is-plain-obj@4.1.0", "", {}, "sha512-+Pgi+vMuUNkJyExiMBt5IlFoMyKnr5zhJ4Uspz58WOhBF5QoIZkFyNHIbBAtHwzVAgk5RtndVNsDRN61/mmDqg=="],

    "picomatch": ["picomatch@4.0.2", "", {}, "sha512-M7BAV6Rlcy5u+m6oPhAPFgJTzAioX/6B0DxyvDlo9l8+T3nLKbrczg2WLUyzd45L8RqfUMyGPzekbMvX2Ldkwg=="],

    "prettier": ["prettier@3.5.3", "", { "bin": { "prettier": "bin/prettier.cjs" } }, "sha512-QQtaxnoDJeAkDvDKWCLiwIXkTgRhwYDEQCghU9Z6q03iyek/rxRh/2lC3HB7P8sWT2xC/y5JDctPLBIGzHKbhw=="],

    "prettier-plugin-packagejson": ["prettier-plugin-packagejson@2.5.15", "", { "dependencies": { "sort-package-json": "3.2.1", "synckit": "0.11.8" }, "peerDependencies": { "prettier": ">= 1.16.0" }, "optionalPeers": ["prettier"] }, "sha512-2QSx6y4IT6LTwXtCvXAopENW5IP/aujC8fobEM2pDbs0IGkiVjW/ipPuYAHuXigbNe64aGWF7vIetukuzM3CBw=="],

    "semver": ["semver@7.7.1", "", { "bin": { "semver": "bin/semver.js" } }, "sha512-hlq8tAfn0m/61p4BVRcPzIGr6LKiMwo4VM6dGi6pt4qcRkmNzTcWq6eCEjEh+qXjkMDvPlOFFSGwQjoEa6gyMA=="],

    "sort-object-keys": ["sort-object-keys@1.1.3", "", {}, "sha512-855pvK+VkU7PaKYPc+Jjnmt4EzejQHyhhF33q31qG8x7maDzkeFhAAThdCYay11CISO+qAMwjOBP+fPZe0IPyg=="],

    "sort-package-json": ["sort-package-json@3.2.1", "", { "dependencies": { "detect-indent": "^7.0.1", "detect-newline": "^4.0.1", "git-hooks-list": "^4.0.0", "is-plain-obj": "^4.1.0", "semver": "^7.7.1", "sort-object-keys": "^1.1.3", "tinyglobby": "^0.2.12" }, "bin": { "sort-package-json": "cli.js" } }, "sha512-rTfRdb20vuoAn7LDlEtCqOkYfl2X+Qze6cLbNOzcDpbmKEhJI30tTN44d5shbKJnXsvz24QQhlCm81Bag7EOKg=="],

    "synckit": ["synckit@0.11.8", "", { "dependencies": { "@pkgr/core": "^0.2.4" } }, "sha512-+XZ+r1XGIJGeQk3VvXhT6xx/VpbHsRzsTkGgF6E5RX9TTXD0118l87puaEBZ566FhqblC6U0d4XnubznJDm30A=="],

    "tinyglobby": ["tinyglobby@0.2.13", "", { "dependencies": { "fdir": "^6.4.4", "picomatch": "^4.0.2" } }, "sha512-mEwzpUgrLySlveBwEVDMKk5B57bhLPYovRfPAXD5gA/98Opn0rCDj3GtLwFvCvH5RK9uPCExUROW5NjDwvqkxw=="],

    "undici-types": ["undici-types@6.21.0", "", {}, "sha512-iwDZqg0QAGrg9Rav5H4n0M64c3mkR59cJ6wQp+7C4nI0gsmExaedaYLNO44eT4AtBBwjbTiGPMlt2Md0T9H9JQ=="],

    "bun-types/@types/node": ["@types/node@22.15.23", "", { "dependencies": { "undici-types": "~6.21.0" } }, "sha512-7Ec1zaFPF4RJ0eXu1YT/xgiebqwqoJz8rYPDi/O2BcZ++Wpt0Kq9cl0eg6NN6bYbPnR67ZLo7St5Q3UK0SnARw=="],
  }
}
